
Microsoft Visual Studio Solution File, Format Version 12.00
# Visual Studio Version 17
VisualStudioVersion = 17.4.33110.190
MinimumVisualStudioVersion = 10.0.40219.1
Project("{FAE04EC0-301F-11D3-BF4B-00C04F79EFBC}") = "eTickets", "eTickets\eTickets.csproj", "{450D9A25-0E6E-4D4C-9B7A-2D57E6E50FED}"
EndProject
Global
	GlobalSection(SolutionConfigurationPlatforms) = preSolution
		Debug|Any CPU = Debug|Any CPU
		Release|Any CPU = Release|Any CPU
	EndGlobalSection
	GlobalSection(ProjectConfigurationPlatforms) = postSolution
		{450D9A25-0E6E-4D4C-9B7A-2D57E6E50FED}.Debug|Any CPU.ActiveCfg = Debug|Any CPU
		{450D9A25-0E6E-4D4C-9B7A-2D57E6E50FED}.Debug|Any CPU.Build.0 = Debug|Any CPU
		{450D9A25-0E6E-4D4C-9B7A-2D57E6E50FED}.Release|Any CPU.ActiveCfg = Release|Any CPU
		{450D9A25-0E6E-4D4C-9B7A-2D57E6E50FED}.Release|Any CPU.Build.0 = Release|Any CPU
	EndGlobalSection
	GlobalSection(SolutionProperties) = preSolution
		HideSolutionNode = FALSE
	EndGlobalSection
	GlobalSection(ExtensibilityGlobals) = postSolution
		SolutionGuid = {B01A2A60-CEE8-4219-AD7D-D8591C51914C}
	EndGlobalSection
EndGlobal
